
Microsoft Visual Studio Solution File, Format Version 12.00
# Visual Studio Version 17
VisualStudioVersion = 17.3.32811.315
MinimumVisualStudioVersion = 10.0.40219.1
Project("{FAE04EC0-301F-11D3-BF4B-00C04F79EFBC}") = "OrderedArray", "OrderedArray\OrderedArray.csproj", "{05BC4796-E7FC-4A45-B388-A89A0D39BF0B}"
EndProject
Global
	GlobalSection(SolutionConfigurationPlatforms) = preSolution
		Debug|Any CPU = Debug|Any CPU
		Release|Any CPU = Release|Any CPU
	EndGlobalSection
	GlobalSection(ProjectConfigurationPlatforms) = postSolution
		{05BC4796-E7FC-4A45-B388-A89A0D39BF0B}.Debug|Any CPU.ActiveCfg = Debug|Any CPU
		{05BC4796-E7FC-4A45-B388-A89A0D39BF0B}.Debug|Any CPU.Build.0 = Debug|Any CPU
		{05BC4796-E7FC-4A45-B388-A89A0D39BF0B}.Release|Any CPU.ActiveCfg = Release|Any CPU
		{05BC4796-E7FC-4A45-B388-A89A0D39BF0B}.Release|Any CPU.Build.0 = Release|Any CPU
	EndGlobalSection
	GlobalSection(SolutionProperties) = preSolution
		HideSolutionNode = FALSE
	EndGlobalSection
	GlobalSection(ExtensibilityGlobals) = postSolution
		SolutionGuid = {2502A576-7102-42AC-A533-99A5AF3EC40B}
	EndGlobalSection
EndGlobal
