
Microsoft Visual Studio Solution File, Format Version 12.00
# Visual Studio Version 17
VisualStudioVersion = 17.3.32811.315
MinimumVisualStudioVersion = 10.0.40219.1
Project("{FAE04EC0-301F-11D3-BF4B-00C04F79EFBC}") = "BreakContinue", "BreakContinue\BreakContinue.csproj", "{3B1579EB-E6CD-495C-AEB5-F0D4F0F80A3B}"
EndProject
Global
	GlobalSection(SolutionConfigurationPlatforms) = preSolution
		Debug|Any CPU = Debug|Any CPU
		Release|Any CPU = Release|Any CPU
	EndGlobalSection
	GlobalSection(ProjectConfigurationPlatforms) = postSolution
		{3B1579EB-E6CD-495C-AEB5-F0D4F0F80A3B}.Debug|Any CPU.ActiveCfg = Debug|Any CPU
		{3B1579EB-E6CD-495C-AEB5-F0D4F0F80A3B}.Debug|Any CPU.Build.0 = Debug|Any CPU
		{3B1579EB-E6CD-495C-AEB5-F0D4F0F80A3B}.Release|Any CPU.ActiveCfg = Release|Any CPU
		{3B1579EB-E6CD-495C-AEB5-F0D4F0F80A3B}.Release|Any CPU.Build.0 = Release|Any CPU
	EndGlobalSection
	GlobalSection(SolutionProperties) = preSolution
		HideSolutionNode = FALSE
	EndGlobalSection
	GlobalSection(ExtensibilityGlobals) = postSolution
		SolutionGuid = {758E1942-FF4C-41C0-B6D1-0D0A3B584F8E}
	EndGlobalSection
EndGlobal
